
Microsoft Visual Studio Solution File, Format Version 12.00
# Visual Studio 15
VisualStudioVersion = 15.0.28307.329
MinimumVisualStudioVersion = 10.0.40219.1
Project("{FAE04EC0-301F-11D3-BF4B-00C04F79EFBC}") = "TestDelegates", "TestDelegates\TestDelegates.csproj", "{95E2ABBB-87BC-4790-9355-9B7F834F8E15}"
EndProject
Global
	GlobalSection(SolutionConfigurationPlatforms) = preSolution
		Debug|Any CPU = Debug|Any CPU
		Release|Any CPU = Release|Any CPU
	EndGlobalSection
	GlobalSection(ProjectConfigurationPlatforms) = postSolution
		{95E2ABBB-87BC-4790-9355-9B7F834F8E15}.Debug|Any CPU.ActiveCfg = Debug|Any CPU
		{95E2ABBB-87BC-4790-9355-9B7F834F8E15}.Debug|Any CPU.Build.0 = Debug|Any CPU
		{95E2ABBB-87BC-4790-9355-9B7F834F8E15}.Release|Any CPU.ActiveCfg = Release|Any CPU
		{95E2ABBB-87BC-4790-9355-9B7F834F8E15}.Release|Any CPU.Build.0 = Release|Any CPU
	EndGlobalSection
	GlobalSection(SolutionProperties) = preSolution
		HideSolutionNode = FALSE
	EndGlobalSection
	GlobalSection(ExtensibilityGlobals) = postSolution
		SolutionGuid = {9937EA9E-3B50-4D91-857E-3B31490AA8E4}
	EndGlobalSection
EndGlobal
